
Microsoft Visual Studio Solution File, Format Version 12.00
# Visual Studio Version 17
VisualStudioVersion = 17.4.33403.182
MinimumVisualStudioVersion = 10.0.40219.1
Project("{9A19103F-16F7-4668-BE54-9A1E7A4F7556}") = "TeprestpApi", "TeprestpApi.csproj", "{47CF4A53-7A4F-4C24-81DA-5F2A87018293}"
EndProject
Global
	GlobalSection(SolutionConfigurationPlatforms) = preSolution
		Debug|Any CPU = Debug|Any CPU
		Release|Any CPU = Release|Any CPU
	EndGlobalSection
	GlobalSection(ProjectConfigurationPlatforms) = postSolution
		{47CF4A53-7A4F-4C24-81DA-5F2A87018293}.Debug|Any CPU.ActiveCfg = Debug|Any CPU
		{47CF4A53-7A4F-4C24-81DA-5F2A87018293}.Debug|Any CPU.Build.0 = Debug|Any CPU
		{47CF4A53-7A4F-4C24-81DA-5F2A87018293}.Release|Any CPU.ActiveCfg = Release|Any CPU
		{47CF4A53-7A4F-4C24-81DA-5F2A87018293}.Release|Any CPU.Build.0 = Release|Any CPU
	EndGlobalSection
	GlobalSection(SolutionProperties) = preSolution
		HideSolutionNode = FALSE
	EndGlobalSection
	GlobalSection(ExtensibilityGlobals) = postSolution
		SolutionGuid = {C765C299-3303-4634-A791-E6B022B9BE95}
	EndGlobalSection
EndGlobal
